
Microsoft Visual Studio Solution File, Format Version 12.00
# Visual Studio Version 16
VisualStudioVersion = 16.0.29306.81
MinimumVisualStudioVersion = 10.0.40219.1
Project("{FAE04EC0-301F-11D3-BF4B-00C04F79EFBC}") = "ExOp", "ExOp\ExOp.csproj", "{17C848A5-3A29-40A7-BECA-0E39ADA3F255}"
EndProject
Project("{FAE04EC0-301F-11D3-BF4B-00C04F79EFBC}") = "ExOp.UnitTests", "ExOp.UnitTests\ExOp.UnitTests.csproj", "{8C06B9B1-D789-463E-8CFA-0FE6A41DDDED}"
EndProject
Global
	GlobalSection(SolutionConfigurationPlatforms) = preSolution
		Debug|Any CPU = Debug|Any CPU
		Release|Any CPU = Release|Any CPU
	EndGlobalSection
	GlobalSection(ProjectConfigurationPlatforms) = postSolution
		{17C848A5-3A29-40A7-BECA-0E39ADA3F255}.Debug|Any CPU.ActiveCfg = Debug|Any CPU
		{17C848A5-3A29-40A7-BECA-0E39ADA3F255}.Debug|Any CPU.Build.0 = Debug|Any CPU
		{17C848A5-3A29-40A7-BECA-0E39ADA3F255}.Release|Any CPU.ActiveCfg = Release|Any CPU
		{17C848A5-3A29-40A7-BECA-0E39ADA3F255}.Release|Any CPU.Build.0 = Release|Any CPU
		{8C06B9B1-D789-463E-8CFA-0FE6A41DDDED}.Debug|Any CPU.ActiveCfg = Debug|Any CPU
		{8C06B9B1-D789-463E-8CFA-0FE6A41DDDED}.Debug|Any CPU.Build.0 = Debug|Any CPU
		{8C06B9B1-D789-463E-8CFA-0FE6A41DDDED}.Release|Any CPU.ActiveCfg = Release|Any CPU
		{8C06B9B1-D789-463E-8CFA-0FE6A41DDDED}.Release|Any CPU.Build.0 = Release|Any CPU
	EndGlobalSection
	GlobalSection(SolutionProperties) = preSolution
		HideSolutionNode = FALSE
	EndGlobalSection
	GlobalSection(ExtensibilityGlobals) = postSolution
		SolutionGuid = {5B56F485-B3E8-4188-9988-CEBAF9B5E5B9}
	EndGlobalSection
EndGlobal
